{
  "object": {
    "pins": [
      {
        "package": "APIKit",
        "repositoryURL": "git@github.com:ishkawa/APIKit.git",
        "state": {
          "branch": null,
          "revision": "e756462be5f19101fcbed77465b168f6167be7af",
          "version": "3.1.2"
        }
      },
      {
        "package": "AlfredKit",
        "repositoryURL": "https://github.com/satoshin21/AlfredKit",
        "state": {
          "branch": "master",
          "revision": "d6721684ab23553c6dda2b80598ee092fa89cdf6",
          "version": null
        }
      },
      {
        "package": "Result",
        "repositoryURL": "https://github.com/antitypical/Result.git",
        "state": {
          "branch": null,
          "revision": "7477584259bfce2560a19e06ad9f71db441fff11",
          "version": "3.2.4"
        }
      }
    ]
  },
  "version": 1
}
